
Microsoft Visual Studio Solution File, Format Version 12.00
# Visual Studio 15
VisualStudioVersion = 15.0.28307.645
MinimumVisualStudioVersion = 10.0.40219.1
Project("{9A19103F-16F7-4668-BE54-9A1E7A4F7556}") = "MEMCoreSync.Conole", "MEMCore\MEMCoreSync.Conole.csproj", "{B7F7ABA8-CDAF-4A30-9107-8333DC0F496D}"
EndProject
Project("{9A19103F-16F7-4668-BE54-9A1E7A4F7556}") = "MEMCore.Data", "MEMCore.Data\MEMCore.Data.csproj", "{141D358C-5C7E-49F9-B138-38DE23FF0E47}"
EndProject
Project("{9A19103F-16F7-4668-BE54-9A1E7A4F7556}") = "MEMCore.Domain", "MEMCore.Domain\MEMCore.Domain.csproj", "{C7A2AA85-46DB-46AA-A948-8BF46EDADEC8}"
EndProject
Project("{9A19103F-16F7-4668-BE54-9A1E7A4F7556}") = "MEMCore.Services", "MEMCore.Services\MEMCore.Services.csproj", "{3AFC969B-D133-428B-A4EC-9A8B49600975}"
EndProject
Project("{9A19103F-16F7-4668-BE54-9A1E7A4F7556}") = "MEMCoreAsync.Console", "MEMCoreAsync.Console\MEMCoreAsync.Console.csproj", "{5FA724FE-BA6B-47B0-8649-61AF5B1C4D9E}"
EndProject
Project("{9A19103F-16F7-4668-BE54-9A1E7A4F7556}") = "MEMCore.API", "MEMCore.API\MEMCore.API.csproj", "{CBF0E9D5-43FB-41EE-8971-217047254759}"
EndProject
Project("{FAE04EC0-301F-11D3-BF4B-00C04F79EFBC}") = "MEMCore.Models", "MEMCore.Models\MEMCore.Models.csproj", "{CAB47F3B-9677-4CD9-9E2F-A13E87BDEE9F}"
EndProject
Global
	GlobalSection(SolutionConfigurationPlatforms) = preSolution
		Debug|Any CPU = Debug|Any CPU
		Release|Any CPU = Release|Any CPU
	EndGlobalSection
	GlobalSection(ProjectConfigurationPlatforms) = postSolution
		{B7F7ABA8-CDAF-4A30-9107-8333DC0F496D}.Debug|Any CPU.ActiveCfg = Debug|Any CPU
		{B7F7ABA8-CDAF-4A30-9107-8333DC0F496D}.Debug|Any CPU.Build.0 = Debug|Any CPU
		{B7F7ABA8-CDAF-4A30-9107-8333DC0F496D}.Release|Any CPU.ActiveCfg = Release|Any CPU
		{B7F7ABA8-CDAF-4A30-9107-8333DC0F496D}.Release|Any CPU.Build.0 = Release|Any CPU
		{141D358C-5C7E-49F9-B138-38DE23FF0E47}.Debug|Any CPU.ActiveCfg = Debug|Any CPU
		{141D358C-5C7E-49F9-B138-38DE23FF0E47}.Debug|Any CPU.Build.0 = Debug|Any CPU
		{141D358C-5C7E-49F9-B138-38DE23FF0E47}.Release|Any CPU.ActiveCfg = Release|Any CPU
		{141D358C-5C7E-49F9-B138-38DE23FF0E47}.Release|Any CPU.Build.0 = Release|Any CPU
		{C7A2AA85-46DB-46AA-A948-8BF46EDADEC8}.Debug|Any CPU.ActiveCfg = Debug|Any CPU
		{C7A2AA85-46DB-46AA-A948-8BF46EDADEC8}.Debug|Any CPU.Build.0 = Debug|Any CPU
		{C7A2AA85-46DB-46AA-A948-8BF46EDADEC8}.Release|Any CPU.ActiveCfg = Release|Any CPU
		{C7A2AA85-46DB-46AA-A948-8BF46EDADEC8}.Release|Any CPU.Build.0 = Release|Any CPU
		{3AFC969B-D133-428B-A4EC-9A8B49600975}.Debug|Any CPU.ActiveCfg = Debug|Any CPU
		{3AFC969B-D133-428B-A4EC-9A8B49600975}.Debug|Any CPU.Build.0 = Debug|Any CPU
		{3AFC969B-D133-428B-A4EC-9A8B49600975}.Release|Any CPU.ActiveCfg = Release|Any CPU
		{3AFC969B-D133-428B-A4EC-9A8B49600975}.Release|Any CPU.Build.0 = Release|Any CPU
		{5FA724FE-BA6B-47B0-8649-61AF5B1C4D9E}.Debug|Any CPU.ActiveCfg = Debug|Any CPU
		{5FA724FE-BA6B-47B0-8649-61AF5B1C4D9E}.Debug|Any CPU.Build.0 = Debug|Any CPU
		{5FA724FE-BA6B-47B0-8649-61AF5B1C4D9E}.Release|Any CPU.ActiveCfg = Release|Any CPU
		{5FA724FE-BA6B-47B0-8649-61AF5B1C4D9E}.Release|Any CPU.Build.0 = Release|Any CPU
		{CBF0E9D5-43FB-41EE-8971-217047254759}.Debug|Any CPU.ActiveCfg = Debug|Any CPU
		{CBF0E9D5-43FB-41EE-8971-217047254759}.Debug|Any CPU.Build.0 = Debug|Any CPU
		{CBF0E9D5-43FB-41EE-8971-217047254759}.Release|Any CPU.ActiveCfg = Release|Any CPU
		{CBF0E9D5-43FB-41EE-8971-217047254759}.Release|Any CPU.Build.0 = Release|Any CPU
		{CAB47F3B-9677-4CD9-9E2F-A13E87BDEE9F}.Debug|Any CPU.ActiveCfg = Debug|Any CPU
		{CAB47F3B-9677-4CD9-9E2F-A13E87BDEE9F}.Debug|Any CPU.Build.0 = Debug|Any CPU
		{CAB47F3B-9677-4CD9-9E2F-A13E87BDEE9F}.Release|Any CPU.ActiveCfg = Release|Any CPU
		{CAB47F3B-9677-4CD9-9E2F-A13E87BDEE9F}.Release|Any CPU.Build.0 = Release|Any CPU
	EndGlobalSection
	GlobalSection(SolutionProperties) = preSolution
		HideSolutionNode = FALSE
	EndGlobalSection
	GlobalSection(ExtensibilityGlobals) = postSolution
		SolutionGuid = {FF0945A4-DC0C-40B0-AFF1-F0FB700F08E3}
	EndGlobalSection
EndGlobal
